
Microsoft Visual Studio Solution File, Format Version 12.00
# Visual Studio 2013
VisualStudioVersion = 12.0.21005.1
MinimumVisualStudioVersion = 10.0.40219.1
Project("{F184B08F-C81C-45F6-A57F-5ABD9991F28F}") = "WebApplication1", "WebApplication1\WebApplication1.vbproj", "{99D6C58B-2D22-4E6B-AB93-D0A9429238B5}"
EndProject
Project("{FAE04EC0-301F-11D3-BF4B-00C04F79EFBC}") = "MvcApplication1", "MvcApplication1\MvcApplication1.csproj", "{A90FC3EE-EBBE-4B1C-903C-F85D5BCA86E5}"
EndProject
Project("{FAE04EC0-301F-11D3-BF4B-00C04F79EFBC}") = "MvcApplication1.Tests", "MvcApplication1.Tests\MvcApplication1.Tests.csproj", "{82C4097C-10FF-4972-85D6-ABB6E3AD80F2}"
EndProject
Global
	GlobalSection(SolutionConfigurationPlatforms) = preSolution
		Debug|Any CPU = Debug|Any CPU
		Release|Any CPU = Release|Any CPU
	EndGlobalSection
	GlobalSection(ProjectConfigurationPlatforms) = postSolution
		{99D6C58B-2D22-4E6B-AB93-D0A9429238B5}.Debug|Any CPU.ActiveCfg = Debug|Any CPU
		{99D6C58B-2D22-4E6B-AB93-D0A9429238B5}.Debug|Any CPU.Build.0 = Debug|Any CPU
		{99D6C58B-2D22-4E6B-AB93-D0A9429238B5}.Release|Any CPU.ActiveCfg = Release|Any CPU
		{99D6C58B-2D22-4E6B-AB93-D0A9429238B5}.Release|Any CPU.Build.0 = Release|Any CPU
		{A90FC3EE-EBBE-4B1C-903C-F85D5BCA86E5}.Debug|Any CPU.ActiveCfg = Debug|Any CPU
		{A90FC3EE-EBBE-4B1C-903C-F85D5BCA86E5}.Debug|Any CPU.Build.0 = Debug|Any CPU
		{A90FC3EE-EBBE-4B1C-903C-F85D5BCA86E5}.Release|Any CPU.ActiveCfg = Release|Any CPU
		{A90FC3EE-EBBE-4B1C-903C-F85D5BCA86E5}.Release|Any CPU.Build.0 = Release|Any CPU
		{82C4097C-10FF-4972-85D6-ABB6E3AD80F2}.Debug|Any CPU.ActiveCfg = Debug|Any CPU
		{82C4097C-10FF-4972-85D6-ABB6E3AD80F2}.Debug|Any CPU.Build.0 = Debug|Any CPU
		{82C4097C-10FF-4972-85D6-ABB6E3AD80F2}.Release|Any CPU.ActiveCfg = Release|Any CPU
		{82C4097C-10FF-4972-85D6-ABB6E3AD80F2}.Release|Any CPU.Build.0 = Release|Any CPU
	EndGlobalSection
	GlobalSection(SolutionProperties) = preSolution
		HideSolutionNode = FALSE
	EndGlobalSection
EndGlobal
